
Microsoft Visual Studio Solution File, Format Version 12.00
# Visual Studio Version 17
VisualStudioVersion = 17.7.34221.43
MinimumVisualStudioVersion = 10.0.40219.1
Project("{FAE04EC0-301F-11D3-BF4B-00C04F79EFBC}") = "ConsoleApp1share", "ConsoleApp1share\ConsoleApp1share.csproj", "{BF05D128-D777-4A87-B4E1-9F4365B4F501}"
EndProject
Global
	GlobalSection(SolutionConfigurationPlatforms) = preSolution
		Debug|Any CPU = Debug|Any CPU
		Release|Any CPU = Release|Any CPU
	EndGlobalSection
	GlobalSection(ProjectConfigurationPlatforms) = postSolution
		{BF05D128-D777-4A87-B4E1-9F4365B4F501}.Debug|Any CPU.ActiveCfg = Debug|Any CPU
		{BF05D128-D777-4A87-B4E1-9F4365B4F501}.Debug|Any CPU.Build.0 = Debug|Any CPU
		{BF05D128-D777-4A87-B4E1-9F4365B4F501}.Release|Any CPU.ActiveCfg = Release|Any CPU
		{BF05D128-D777-4A87-B4E1-9F4365B4F501}.Release|Any CPU.Build.0 = Release|Any CPU
	EndGlobalSection
	GlobalSection(SolutionProperties) = preSolution
		HideSolutionNode = FALSE
	EndGlobalSection
	GlobalSection(ExtensibilityGlobals) = postSolution
		SolutionGuid = {0EC26B65-FEF9-41A9-87A4-36B95C363F4B}
	EndGlobalSection
EndGlobal
